// !$*UTF8*$!
{
	archiveVersion = 1;
	classes = {
	};
	objectVersion = 56;
	objects = {

/* Begin PBXBuildFile section */
		EBB980882BC3880E00BBECAD /* CookWhatApp.swift in Sources */ = {isa = PBXBuildFile; fileRef = EBB980872BC3880E00BBECAD /* CookWhatApp.swift */; };
		EBB9808A2BC3880E00BBECAD /* IngredientInputView.swift in Sources */ = {isa = PBXBuildFile; fileRef = EBB980892BC3880E00BBECAD /* IngredientInputView.swift */; };
		EBB9808C2BC3881000BBECAD /* Assets.xcassets in Resources */ = {isa = PBXBuildFile; fileRef = EBB9808B2BC3881000BBECAD /* Assets.xcassets */; };
		EBB980902BC3881000BBECAD /* Preview Assets.xcassets in Resources */ = {isa = PBXBuildFile; fileRef = EBB9808F2BC3881000BBECAD /* Preview Assets.xcassets */; };
		EBB980B32BC394E900BBECAD /* RecipeService.swift in Sources */ = {isa = PBXBuildFile; fileRef = EBB980B22BC394E900BBECAD /* RecipeService.swift */; };
		EBB980B52BC39E2C00BBECAD /* MockRecipeServiceTests.swift in Sources */ = {isa = PBXBuildFile; fileRef = EBB980B42BC39E2C00BBECAD /* MockRecipeServiceTests.swift */; };
		EBB980B92BC3A18100BBECAD /* Title.swift in Sources */ = {isa = PBXBuildFile; fileRef = EBB980B82BC3A18100BBECAD /* Title.swift */; };
		EBB980BB2BC3A19600BBECAD /* Body.swift in Sources */ = {isa = PBXBuildFile; fileRef = EBB980BA2BC3A19600BBECAD /* Body.swift */; };
		EBB980BE2BC3A1C300BBECAD /* Colors.swift in Sources */ = {isa = PBXBuildFile; fileRef = EBB980BD2BC3A1C300BBECAD /* Colors.swift */; };
		EBB980C12BC3A20900BBECAD /* PrimaryButton.swift in Sources */ = {isa = PBXBuildFile; fileRef = EBB980C02BC3A20900BBECAD /* PrimaryButton.swift */; };
		EBB980C42BC3A23A00BBECAD /* Card.swift in Sources */ = {isa = PBXBuildFile; fileRef = EBB980C32BC3A23A00BBECAD /* Card.swift */; };
		EBB980C62BC3AFAD00BBECAD /* RemovableItemList.swift in Sources */ = {isa = PBXBuildFile; fileRef = EBB980C52BC3AFAD00BBECAD /* RemovableItemList.swift */; };
		EBB980C82BC3B00000BBECAD /* RemovableItemView.swift in Sources */ = {isa = PBXBuildFile; fileRef = EBB980C72BC3B00000BBECAD /* RemovableItemView.swift */; };
/* End PBXBuildFile section */

/* Begin PBXContainerItemProxy section */
		EBB980962BC3881100BBECAD /* PBXContainerItemProxy */ = {
			isa = PBXContainerItemProxy;
			containerPortal = EBB9807C2BC3880E00BBECAD /* Project object */;
			proxyType = 1;
			remoteGlobalIDString = EBB980832BC3880E00BBECAD;
			remoteInfo = CookWhat;
		};
/* End PBXContainerItemProxy section */

/* Begin PBXFileReference section */
		EBB980842BC3880E00BBECAD /* CookWhat.app */ = {isa = PBXFileReference; explicitFileType = wrapper.application; includeInIndex = 0; path = CookWhat.app; sourceTree = BUILT_PRODUCTS_DIR; };
		EBB980872BC3880E00BBECAD /* CookWhatApp.swift */ = {isa = PBXFileReference; lastKnownFileType = sourcecode.swift; path = CookWhatApp.swift; sourceTree = "<group>"; };
		EBB980892BC3880E00BBECAD /* IngredientInputView.swift */ = {isa = PBXFileReference; lastKnownFileType = sourcecode.swift; path = IngredientInputView.swift; sourceTree = "<group>"; };
		EBB9808B2BC3881000BBECAD /* Assets.xcassets */ = {isa = PBXFileReference; lastKnownFileType = folder.assetcatalog; path = Assets.xcassets; sourceTree = "<group>"; };
		EBB9808D2BC3881000BBECAD /* CookWhat.entitlements */ = {isa = PBXFileReference; lastKnownFileType = text.plist.entitlements; path = CookWhat.entitlements; sourceTree = "<group>"; };
		EBB9808F2BC3881000BBECAD /* Preview Assets.xcassets */ = {isa = PBXFileReference; lastKnownFileType = folder.assetcatalog; path = "Preview Assets.xcassets"; sourceTree = "<group>"; };
		EBB980952BC3881100BBECAD /* CookWhatTests.xctest */ = {isa = PBXFileReference; explicitFileType = wrapper.cfbundle; includeInIndex = 0; path = CookWhatTests.xctest; sourceTree = BUILT_PRODUCTS_DIR; };
		EBB980B22BC394E900BBECAD /* RecipeService.swift */ = {isa = PBXFileReference; lastKnownFileType = sourcecode.swift; path = RecipeService.swift; sourceTree = "<group>"; };
		EBB980B42BC39E2C00BBECAD /* MockRecipeServiceTests.swift */ = {isa = PBXFileReference; lastKnownFileType = sourcecode.swift; path = MockRecipeServiceTests.swift; sourceTree = "<group>"; };
		EBB980B82BC3A18100BBECAD /* Title.swift */ = {isa = PBXFileReference; lastKnownFileType = sourcecode.swift; path = Title.swift; sourceTree = "<group>"; };
		EBB980BA2BC3A19600BBECAD /* Body.swift */ = {isa = PBXFileReference; lastKnownFileType = sourcecode.swift; path = Body.swift; sourceTree = "<group>"; };
		EBB980BD2BC3A1C300BBECAD /* Colors.swift */ = {isa = PBXFileReference; lastKnownFileType = sourcecode.swift; path = Colors.swift; sourceTree = "<group>"; };
		EBB980C02BC3A20900BBECAD /* PrimaryButton.swift */ = {isa = PBXFileReference; lastKnownFileType = sourcecode.swift; path = PrimaryButton.swift; sourceTree = "<group>"; };
		EBB980C32BC3A23A00BBECAD /* Card.swift */ = {isa = PBXFileReference; lastKnownFileType = sourcecode.swift; path = Card.swift; sourceTree = "<group>"; };
		EBB980C52BC3AFAD00BBECAD /* RemovableItemList.swift */ = {isa = PBXFileReference; lastKnownFileType = sourcecode.swift; path = RemovableItemList.swift; sourceTree = "<group>"; };
		EBB980C72BC3B00000BBECAD /* RemovableItemView.swift */ = {isa = PBXFileReference; lastKnownFileType = sourcecode.swift; path = RemovableItemView.swift; sourceTree = "<group>"; };
/* End PBXFileReference section */

/* Begin PBXFrameworksBuildPhase section */
		EBB980812BC3880E00BBECAD /* Frameworks */ = {
			isa = PBXFrameworksBuildPhase;
			buildActionMask = 2147483647;
			files = (
			);
			runOnlyForDeploymentPostprocessing = 0;
		};
		EBB980922BC3881100BBECAD /* Frameworks */ = {
			isa = PBXFrameworksBuildPhase;
			buildActionMask = 2147483647;
			files = (
			);
			runOnlyForDeploymentPostprocessing = 0;
		};
/* End PBXFrameworksBuildPhase section */

/* Begin PBXGroup section */
		EBB9807B2BC3880E00BBECAD = {
			isa = PBXGroup;
			children = (
				EBB980862BC3880E00BBECAD /* CookWhat */,
				EBB980982BC3881100BBECAD /* CookWhatTests */,
				EBB980852BC3880E00BBECAD /* Products */,
			);
			sourceTree = "<group>";
		};
		EBB980852BC3880E00BBECAD /* Products */ = {
			isa = PBXGroup;
			children = (
				EBB980842BC3880E00BBECAD /* CookWhat.app */,
				EBB980952BC3881100BBECAD /* CookWhatTests.xctest */,
			);
			name = Products;
			sourceTree = "<group>";
		};
		EBB980862BC3880E00BBECAD /* CookWhat */ = {
			isa = PBXGroup;
			children = (
				EBB980B62BC3A14D00BBECAD /* DesignSystem */,
				EBB980872BC3880E00BBECAD /* CookWhatApp.swift */,
				EBB980892BC3880E00BBECAD /* IngredientInputView.swift */,
				EBB980B22BC394E900BBECAD /* RecipeService.swift */,
				EBB9808B2BC3881000BBECAD /* Assets.xcassets */,
				EBB9808D2BC3881000BBECAD /* CookWhat.entitlements */,
				EBB9808E2BC3881000BBECAD /* Preview Content */,
			);
			path = CookWhat;
			sourceTree = "<group>";
		};
		EBB9808E2BC3881000BBECAD /* Preview Content */ = {
			isa = PBXGroup;
			children = (
				EBB9808F2BC3881000BBECAD /* Preview Assets.xcassets */,
			);
			path = "Preview Content";
			sourceTree = "<group>";
		};
		EBB980982BC3881100BBECAD /* CookWhatTests */ = {
			isa = PBXGroup;
			children = (
				EBB980B42BC39E2C00BBECAD /* MockRecipeServiceTests.swift */,
			);
			path = CookWhatTests;
			sourceTree = "<group>";
		};
		EBB980B62BC3A14D00BBECAD /* DesignSystem */ = {
			isa = PBXGroup;
			children = (
				EBB980C22BC3A22C00BBECAD /* Layouts */,
				EBB980BF2BC3A1E200BBECAD /* Components */,
				EBB980BC2BC3A1B000BBECAD /* Color */,
				EBB980B72BC3A16900BBECAD /* Typography */,
			);
			path = DesignSystem;
			sourceTree = "<group>";
		};
		EBB980B72BC3A16900BBECAD /* Typography */ = {
			isa = PBXGroup;
			children = (
				EBB980B82BC3A18100BBECAD /* Title.swift */,
				EBB980BA2BC3A19600BBECAD /* Body.swift */,
			);
			path = Typography;
			sourceTree = "<group>";
		};
		EBB980BC2BC3A1B000BBECAD /* Color */ = {
			isa = PBXGroup;
			children = (
				EBB980BD2BC3A1C300BBECAD /* Colors.swift */,
			);
			path = Color;
			sourceTree = "<group>";
		};
		EBB980BF2BC3A1E200BBECAD /* Components */ = {
			isa = PBXGroup;
			children = (
				EBB980C02BC3A20900BBECAD /* PrimaryButton.swift */,
				EBB980C52BC3AFAD00BBECAD /* RemovableItemList.swift */,
				EBB980C72BC3B00000BBECAD /* RemovableItemView.swift */,
			);
			path = Components;
			sourceTree = "<group>";
		};
		EBB980C22BC3A22C00BBECAD /* Layouts */ = {
			isa = PBXGroup;
			children = (
				EBB980C32BC3A23A00BBECAD /* Card.swift */,
			);
			path = Layouts;
			sourceTree = "<group>";
		};
/* End PBXGroup section */

/* Begin PBXNativeTarget section */
		EBB980832BC3880E00BBECAD /* CookWhat */ = {
			isa = PBXNativeTarget;
			buildConfigurationList = EBB980A92BC3881100BBECAD /* Build configuration list for PBXNativeTarget "CookWhat" */;
			buildPhases = (
				EBB980802BC3880E00BBECAD /* Sources */,
				EBB980812BC3880E00BBECAD /* Frameworks */,
				EBB980822BC3880E00BBECAD /* Resources */,
			);
			buildRules = (
			);
			dependencies = (
			);
			name = CookWhat;
			productName = CookWhat;
			productReference = EBB980842BC3880E00BBECAD /* CookWhat.app */;
			productType = "com.apple.product-type.application";
		};
		EBB980942BC3881100BBECAD /* CookWhatTests */ = {
			isa = PBXNativeTarget;
			buildConfigurationList = EBB980AC2BC3881100BBECAD /* Build configuration list for PBXNativeTarget "CookWhatTests" */;
			buildPhases = (
				EBB980912BC3881100BBECAD /* Sources */,
				EBB980922BC3881100BBECAD /* Frameworks */,
				EBB980932BC3881100BBECAD /* Resources */,
			);
			buildRules = (
			);
			dependencies = (
				EBB980972BC3881100BBECAD /* PBXTargetDependency */,
			);
			name = CookWhatTests;
			productName = CookWhatTests;
			productReference = EBB980952BC3881100BBECAD /* CookWhatTests.xctest */;
			productType = "com.apple.product-type.bundle.unit-test";
		};
/* End PBXNativeTarget section */

/* Begin PBXProject section */
		EBB9807C2BC3880E00BBECAD /* Project object */ = {
			isa = PBXProject;
			attributes = {
				BuildIndependentTargetsInParallel = 1;
				LastSwiftUpdateCheck = 1530;
				LastUpgradeCheck = 1530;
				TargetAttributes = {
					EBB980832BC3880E00BBECAD = {
						CreatedOnToolsVersion = 15.3;
					};
					EBB980942BC3881100BBECAD = {
						CreatedOnToolsVersion = 15.3;
						TestTargetID = EBB980832BC3880E00BBECAD;
					};
				};
			};
			buildConfigurationList = EBB9807F2BC3880E00BBECAD /* Build configuration list for PBXProject "CookWhat" */;
			compatibilityVersion = "Xcode 14.0";
			developmentRegion = en;
			hasScannedForEncodings = 0;
			knownRegions = (
				en,
				Base,
			);
			mainGroup = EBB9807B2BC3880E00BBECAD;
			productRefGroup = EBB980852BC3880E00BBECAD /* Products */;
			projectDirPath = "";
			projectRoot = "";
			targets = (
				EBB980832BC3880E00BBECAD /* CookWhat */,
				EBB980942BC3881100BBECAD /* CookWhatTests */,
			);
		};
/* End PBXProject section */

/* Begin PBXResourcesBuildPhase section */
		EBB980822BC3880E00BBECAD /* Resources */ = {
			isa = PBXResourcesBuildPhase;
			buildActionMask = 2147483647;
			files = (
				EBB980902BC3881000BBECAD /* Preview Assets.xcassets in Resources */,
				EBB9808C2BC3881000BBECAD /* Assets.xcassets in Resources */,
			);
			runOnlyForDeploymentPostprocessing = 0;
		};
		EBB980932BC3881100BBECAD /* Resources */ = {
			isa = PBXResourcesBuildPhase;
			buildActionMask = 2147483647;
			files = (
			);
			runOnlyForDeploymentPostprocessing = 0;
		};
/* End PBXResourcesBuildPhase section */

/* Begin PBXSourcesBuildPhase section */
		EBB980802BC3880E00BBECAD /* Sources */ = {
			isa = PBXSourcesBuildPhase;
			buildActionMask = 2147483647;
			files = (
				EBB980B92BC3A18100BBECAD /* Title.swift in Sources */,
				EBB980BE2BC3A1C300BBECAD /* Colors.swift in Sources */,
				EBB980C62BC3AFAD00BBECAD /* RemovableItemList.swift in Sources */,
				EBB980C82BC3B00000BBECAD /* RemovableItemView.swift in Sources */,
				EBB9808A2BC3880E00BBECAD /* IngredientInputView.swift in Sources */,
				EBB980B32BC394E900BBECAD /* RecipeService.swift in Sources */,
				EBB980C12BC3A20900BBECAD /* PrimaryButton.swift in Sources */,
				EBB980882BC3880E00BBECAD /* CookWhatApp.swift in Sources */,
				EBB980BB2BC3A19600BBECAD /* Body.swift in Sources */,
				EBB980C42BC3A23A00BBECAD /* Card.swift in Sources */,
			);
			runOnlyForDeploymentPostprocessing = 0;
		};
		EBB980912BC3881100BBECAD /* Sources */ = {
			isa = PBXSourcesBuildPhase;
			buildActionMask = 2147483647;
			files = (
				EBB980B52BC39E2C00BBECAD /* MockRecipeServiceTests.swift in Sources */,
			);
			runOnlyForDeploymentPostprocessing = 0;
		};
/* End PBXSourcesBuildPhase section */

/* Begin PBXTargetDependency section */
		EBB980972BC3881100BBECAD /* PBXTargetDependency */ = {
			isa = PBXTargetDependency;
			target = EBB980832BC3880E00BBECAD /* CookWhat */;
			targetProxy = EBB980962BC3881100BBECAD /* PBXContainerItemProxy */;
		};
/* End PBXTargetDependency section */

/* Begin XCBuildConfiguration section */
		EBB980A72BC3881100BBECAD /* Debug */ = {
			isa = XCBuildConfiguration;
			buildSettings = {
				ALWAYS_SEARCH_USER_PATHS = NO;
				ASSETCATALOG_COMPILER_GENERATE_SWIFT_ASSET_SYMBOL_EXTENSIONS = YES;
				CLANG_ANALYZER_NONNULL = YES;
				CLANG_ANALYZER_NUMBER_OBJECT_CONVERSION = YES_AGGRESSIVE;
				CLANG_CXX_LANGUAGE_STANDARD = "gnu++20";
				CLANG_ENABLE_MODULES = YES;
				CLANG_ENABLE_OBJC_ARC = YES;
				CLANG_ENABLE_OBJC_WEAK = YES;
				CLANG_WARN_BLOCK_CAPTURE_AUTORELEASING = YES;
				CLANG_WARN_BOOL_CONVERSION = YES;
				CLANG_WARN_COMMA = YES;
				CLANG_WARN_CONSTANT_CONVERSION = YES;
				CLANG_WARN_DEPRECATED_OBJC_IMPLEMENTATIONS = YES;
				CLANG_WARN_DIRECT_OBJC_ISA_USAGE = YES_ERROR;
				CLANG_WARN_DOCUMENTATION_COMMENTS = YES;
				CLANG_WARN_EMPTY_BODY = YES;
				CLANG_WARN_ENUM_CONVERSION = YES;
				CLANG_WARN_INFINITE_RECURSION = YES;
				CLANG_WARN_INT_CONVERSION = YES;
				CLANG_WARN_NON_LITERAL_NULL_CONVERSION = YES;
				CLANG_WARN_OBJC_IMPLICIT_RETAIN_SELF = YES;
				CLANG_WARN_OBJC_LITERAL_CONVERSION = YES;
				CLANG_WARN_OBJC_ROOT_CLASS = YES_ERROR;
				CLANG_WARN_QUOTED_INCLUDE_IN_FRAMEWORK_HEADER = YES;
				CLANG_WARN_RANGE_LOOP_ANALYSIS = YES;
				CLANG_WARN_STRICT_PROTOTYPES = YES;
				CLANG_WARN_SUSPICIOUS_MOVE = YES;
				CLANG_WARN_UNGUARDED_AVAILABILITY = YES_AGGRESSIVE;
				CLANG_WARN_UNREACHABLE_CODE = YES;
				CLANG_WARN__DUPLICATE_METHOD_MATCH = YES;
				COPY_PHASE_STRIP = NO;
				DEBUG_INFORMATION_FORMAT = dwarf;
				ENABLE_STRICT_OBJC_MSGSEND = YES;
				ENABLE_TESTABILITY = YES;
				ENABLE_USER_SCRIPT_SANDBOXING = YES;
				GCC_C_LANGUAGE_STANDARD = gnu17;
				GCC_DYNAMIC_NO_PIC = NO;
				GCC_NO_COMMON_BLOCKS = YES;
				GCC_OPTIMIZATION_LEVEL = 0;
				GCC_PREPROCESSOR_DEFINITIONS = (
					"DEBUG=1",
					"$(inherited)",
				);
				GCC_WARN_64_TO_32_BIT_CONVERSION = YES;
				GCC_WARN_ABOUT_RETURN_TYPE = YES_ERROR;
				GCC_WARN_UNDECLARED_SELECTOR = YES;
				GCC_WARN_UNINITIALIZED_AUTOS = YES_AGGRESSIVE;
				GCC_WARN_UNUSED_FUNCTION = YES;
				GCC_WARN_UNUSED_VARIABLE = YES;
				LOCALIZATION_PREFERS_STRING_CATALOGS = YES;
				MTL_ENABLE_DEBUG_INFO = INCLUDE_SOURCE;
				MTL_FAST_MATH = YES;
				ONLY_ACTIVE_ARCH = YES;
				SWIFT_ACTIVE_COMPILATION_CONDITIONS = "DEBUG $(inherited)";
				SWIFT_OPTIMIZATION_LEVEL = "-Onone";
			};
			name = Debug;
		};
		EBB980A82BC3881100BBECAD /* Release */ = {
			isa = XCBuildConfiguration;
			buildSettings = {
				ALWAYS_SEARCH_USER_PATHS = NO;
				ASSETCATALOG_COMPILER_GENERATE_SWIFT_ASSET_SYMBOL_EXTENSIONS = YES;
				CLANG_ANALYZER_NONNULL = YES;
				CLANG_ANALYZER_NUMBER_OBJECT_CONVERSION = YES_AGGRESSIVE;
				CLANG_CXX_LANGUAGE_STANDARD = "gnu++20";
				CLANG_ENABLE_MODULES = YES;
				CLANG_ENABLE_OBJC_ARC = YES;
				CLANG_ENABLE_OBJC_WEAK = YES;
				CLANG_WARN_BLOCK_CAPTURE_AUTORELEASING = YES;
				CLANG_WARN_BOOL_CONVERSION = YES;
				CLANG_WARN_COMMA = YES;
				CLANG_WARN_CONSTANT_CONVERSION = YES;
				CLANG_WARN_DEPRECATED_OBJC_IMPLEMENTATIONS = YES;
				CLANG_WARN_DIRECT_OBJC_ISA_USAGE = YES_ERROR;
				CLANG_WARN_DOCUMENTATION_COMMENTS = YES;
				CLANG_WARN_EMPTY_BODY = YES;
				CLANG_WARN_ENUM_CONVERSION = YES;
				CLANG_WARN_INFINITE_RECURSION = YES;
				CLANG_WARN_INT_CONVERSION = YES;
				CLANG_WARN_NON_LITERAL_NULL_CONVERSION = YES;
				CLANG_WARN_OBJC_IMPLICIT_RETAIN_SELF = YES;
				CLANG_WARN_OBJC_LITERAL_CONVERSION = YES;
				CLANG_WARN_OBJC_ROOT_CLASS = YES_ERROR;
				CLANG_WARN_QUOTED_INCLUDE_IN_FRAMEWORK_HEADER = YES;
				CLANG_WARN_RANGE_LOOP_ANALYSIS = YES;
				CLANG_WARN_STRICT_PROTOTYPES = YES;
				CLANG_WARN_SUSPICIOUS_MOVE = YES;
				CLANG_WARN_UNGUARDED_AVAILABILITY = YES_AGGRESSIVE;
				CLANG_WARN_UNREACHABLE_CODE = YES;
				CLANG_WARN__DUPLICATE_METHOD_MATCH = YES;
				COPY_PHASE_STRIP = NO;
				DEBUG_INFORMATION_FORMAT = "dwarf-with-dsym";
				ENABLE_NS_ASSERTIONS = NO;
				ENABLE_STRICT_OBJC_MSGSEND = YES;
				ENABLE_USER_SCRIPT_SANDBOXING = YES;
				GCC_C_LANGUAGE_STANDARD = gnu17;
				GCC_NO_COMMON_BLOCKS = YES;
				GCC_WARN_64_TO_32_BIT_CONVERSION = YES;
				GCC_WARN_ABOUT_RETURN_TYPE = YES_ERROR;
				GCC_WARN_UNDECLARED_SELECTOR = YES;
				GCC_WARN_UNINITIALIZED_AUTOS = YES_AGGRESSIVE;
				GCC_WARN_UNUSED_FUNCTION = YES;
				GCC_WARN_UNUSED_VARIABLE = YES;
				LOCALIZATION_PREFERS_STRING_CATALOGS = YES;
				MTL_ENABLE_DEBUG_INFO = NO;
				MTL_FAST_MATH = YES;
				SWIFT_COMPILATION_MODE = wholemodule;
			};
			name = Release;
		};
		EBB980AA2BC3881100BBECAD /* Debug */ = {
			isa = XCBuildConfiguration;
			buildSettings = {
				ASSETCATALOG_COMPILER_APPICON_NAME = AppIcon;
				ASSETCATALOG_COMPILER_GLOBAL_ACCENT_COLOR_NAME = AccentColor;
				CODE_SIGN_ENTITLEMENTS = CookWhat/CookWhat.entitlements;
				CODE_SIGN_STYLE = Automatic;
				CURRENT_PROJECT_VERSION = 1;
				DEVELOPMENT_ASSET_PATHS = "\"CookWhat/Preview Content\"";
				DEVELOPMENT_TEAM = Z5GZDZZ4KP;
				ENABLE_HARDENED_RUNTIME = YES;
				ENABLE_PREVIEWS = YES;
				GENERATE_INFOPLIST_FILE = YES;
				"INFOPLIST_KEY_UIApplicationSceneManifest_Generation[sdk=iphoneos*]" = YES;
				"INFOPLIST_KEY_UIApplicationSceneManifest_Generation[sdk=iphonesimulator*]" = YES;
				"INFOPLIST_KEY_UIApplicationSupportsIndirectInputEvents[sdk=iphoneos*]" = YES;
				"INFOPLIST_KEY_UIApplicationSupportsIndirectInputEvents[sdk=iphonesimulator*]" = YES;
				"INFOPLIST_KEY_UILaunchScreen_Generation[sdk=iphoneos*]" = YES;
				"INFOPLIST_KEY_UILaunchScreen_Generation[sdk=iphonesimulator*]" = YES;
				"INFOPLIST_KEY_UIStatusBarStyle[sdk=iphoneos*]" = UIStatusBarStyleDefault;
				"INFOPLIST_KEY_UIStatusBarStyle[sdk=iphonesimulator*]" = UIStatusBarStyleDefault;
				INFOPLIST_KEY_UISupportedInterfaceOrientations_iPad = "UIInterfaceOrientationPortrait UIInterfaceOrientationPortraitUpsideDown UIInterfaceOrientationLandscapeLeft UIInterfaceOrientationLandscapeRight";
				INFOPLIST_KEY_UISupportedInterfaceOrientations_iPhone = "UIInterfaceOrientationPortrait UIInterfaceOrientationLandscapeLeft UIInterfaceOrientationLandscapeRight";
				IPHONEOS_DEPLOYMENT_TARGET = 15.3;
				LD_RUNPATH_SEARCH_PATHS = "@executable_path/Frameworks";
				"LD_RUNPATH_SEARCH_PATHS[sdk=macosx*]" = "@executable_path/../Frameworks";
				MACOSX_DEPLOYMENT_TARGET = 14.3;
				MARKETING_VERSION = 1.0;
				PRODUCT_BUNDLE_IDENTIFIER = com.johnphilliplee.CookWhat;
				PRODUCT_NAME = "$(TARGET_NAME)";
				SDKROOT = auto;
				SUPPORTED_PLATFORMS = "iphoneos iphonesimulator";
				SUPPORTS_MACCATALYST = NO;
				SWIFT_EMIT_LOC_STRINGS = YES;
				SWIFT_VERSION = 5.0;
				TARGETED_DEVICE_FAMILY = 1;
			};
			name = Debug;
		};
		EBB980AB2BC3881100BBECAD /* Release */ = {
			isa = XCBuildConfiguration;
			buildSettings = {
				ASSETCATALOG_COMPILER_APPICON_NAME = AppIcon;
				ASSETCATALOG_COMPILER_GLOBAL_ACCENT_COLOR_NAME = AccentColor;
				CODE_SIGN_ENTITLEMENTS = CookWhat/CookWhat.entitlements;
				CODE_SIGN_STYLE = Automatic;
				CURRENT_PROJECT_VERSION = 1;
				DEVELOPMENT_ASSET_PATHS = "\"CookWhat/Preview Content\"";
				DEVELOPMENT_TEAM = Z5GZDZZ4KP;
				ENABLE_HARDENED_RUNTIME = YES;
				ENABLE_PREVIEWS = YES;
				GENERATE_INFOPLIST_FILE = YES;
				"INFOPLIST_KEY_UIApplicationSceneManifest_Generation[sdk=iphoneos*]" = YES;
				"INFOPLIST_KEY_UIApplicationSceneManifest_Generation[sdk=iphonesimulator*]" = YES;
				"INFOPLIST_KEY_UIApplicationSupportsIndirectInputEvents[sdk=iphoneos*]" = YES;
				"INFOPLIST_KEY_UIApplicationSupportsIndirectInputEvents[sdk=iphonesimulator*]" = YES;
				"INFOPLIST_KEY_UILaunchScreen_Generation[sdk=iphoneos*]" = YES;
				"INFOPLIST_KEY_UILaunchScreen_Generation[sdk=iphonesimulator*]" = YES;
				"INFOPLIST_KEY_UIStatusBarStyle[sdk=iphoneos*]" = UIStatusBarStyleDefault;
				"INFOPLIST_KEY_UIStatusBarStyle[sdk=iphonesimulator*]" = UIStatusBarStyleDefault;
				INFOPLIST_KEY_UISupportedInterfaceOrientations_iPad = "UIInterfaceOrientationPortrait UIInterfaceOrientationPortraitUpsideDown UIInterfaceOrientationLandscapeLeft UIInterfaceOrientationLandscapeRight";
				INFOPLIST_KEY_UISupportedInterfaceOrientations_iPhone = "UIInterfaceOrientationPortrait UIInterfaceOrientationLandscapeLeft UIInterfaceOrientationLandscapeRight";
				IPHONEOS_DEPLOYMENT_TARGET = 15.3;
				LD_RUNPATH_SEARCH_PATHS = "@executable_path/Frameworks";
				"LD_RUNPATH_SEARCH_PATHS[sdk=macosx*]" = "@executable_path/../Frameworks";
				MACOSX_DEPLOYMENT_TARGET = 14.3;
				MARKETING_VERSION = 1.0;
				PRODUCT_BUNDLE_IDENTIFIER = com.johnphilliplee.CookWhat;
				PRODUCT_NAME = "$(TARGET_NAME)";
				SDKROOT = auto;
				SUPPORTED_PLATFORMS = "iphoneos iphonesimulator";
				SUPPORTS_MACCATALYST = NO;
				SWIFT_EMIT_LOC_STRINGS = YES;
				SWIFT_VERSION = 5.0;
				TARGETED_DEVICE_FAMILY = 1;
			};
			name = Release;
		};
		EBB980AD2BC3881100BBECAD /* Debug */ = {
			isa = XCBuildConfiguration;
			buildSettings = {
				ALWAYS_EMBED_SWIFT_STANDARD_LIBRARIES = YES;
				BUNDLE_LOADER = "$(TEST_HOST)";
				CODE_SIGN_STYLE = Automatic;
				CURRENT_PROJECT_VERSION = 1;
				DEVELOPMENT_TEAM = Z5GZDZZ4KP;
				GENERATE_INFOPLIST_FILE = YES;
				IPHONEOS_DEPLOYMENT_TARGET = 15.3;
				MACOSX_DEPLOYMENT_TARGET = 14.3;
				MARKETING_VERSION = 1.0;
				PRODUCT_BUNDLE_IDENTIFIER = com.johnphilliplee.CookWhatTests;
				PRODUCT_NAME = "$(TARGET_NAME)";
				SDKROOT = auto;
				SUPPORTED_PLATFORMS = "iphoneos iphonesimulator";
				SUPPORTS_MACCATALYST = NO;
				SWIFT_EMIT_LOC_STRINGS = NO;
				SWIFT_VERSION = 5.0;
				TARGETED_DEVICE_FAMILY = 1;
				TEST_HOST = "$(BUILT_PRODUCTS_DIR)/CookWhat.app/$(BUNDLE_EXECUTABLE_FOLDER_PATH)/CookWhat";
			};
			name = Debug;
		};
		EBB980AE2BC3881100BBECAD /* Release */ = {
			isa = XCBuildConfiguration;
			buildSettings = {
				ALWAYS_EMBED_SWIFT_STANDARD_LIBRARIES = YES;
				BUNDLE_LOADER = "$(TEST_HOST)";
				CODE_SIGN_STYLE = Automatic;
				CURRENT_PROJECT_VERSION = 1;
				DEVELOPMENT_TEAM = Z5GZDZZ4KP;
				GENERATE_INFOPLIST_FILE = YES;
				IPHONEOS_DEPLOYMENT_TARGET = 15.3;
				MACOSX_DEPLOYMENT_TARGET = 14.3;
				MARKETING_VERSION = 1.0;
				PRODUCT_BUNDLE_IDENTIFIER = com.johnphilliplee.CookWhatTests;
				PRODUCT_NAME = "$(TARGET_NAME)";
				SDKROOT = auto;
				SUPPORTED_PLATFORMS = "iphoneos iphonesimulator";
				SUPPORTS_MACCATALYST = NO;
				SWIFT_EMIT_LOC_STRINGS = NO;
				SWIFT_VERSION = 5.0;
				TARGETED_DEVICE_FAMILY = 1;
				TEST_HOST = "$(BUILT_PRODUCTS_DIR)/CookWhat.app/$(BUNDLE_EXECUTABLE_FOLDER_PATH)/CookWhat";
			};
			name = Release;
		};
/* End XCBuildConfiguration section */

/* Begin XCConfigurationList section */
		EBB9807F2BC3880E00BBECAD /* Build configuration list for PBXProject "CookWhat" */ = {
			isa = XCConfigurationList;
			buildConfigurations = (
				EBB980A72BC3881100BBECAD /* Debug */,
				EBB980A82BC3881100BBECAD /* Release */,
			);
			defaultConfigurationIsVisible = 0;
			defaultConfigurationName = Release;
		};
		EBB980A92BC3881100BBECAD /* Build configuration list for PBXNativeTarget "CookWhat" */ = {
			isa = XCConfigurationList;
			buildConfigurations = (
				EBB980AA2BC3881100BBECAD /* Debug */,
				EBB980AB2BC3881100BBECAD /* Release */,
			);
			defaultConfigurationIsVisible = 0;
			defaultConfigurationName = Release;
		};
		EBB980AC2BC3881100BBECAD /* Build configuration list for PBXNativeTarget "CookWhatTests" */ = {
			isa = XCConfigurationList;
			buildConfigurations = (
				EBB980AD2BC3881100BBECAD /* Debug */,
				EBB980AE2BC3881100BBECAD /* Release */,
			);
			defaultConfigurationIsVisible = 0;
			defaultConfigurationName = Release;
		};
/* End XCConfigurationList section */
	};
	rootObject = EBB9807C2BC3880E00BBECAD /* Project object */;
}
